
Microsoft Visual Studio Solution File, Format Version 12.00
# Visual Studio Version 16
VisualStudioVersion = 16.0.31313.79
MinimumVisualStudioVersion = 10.0.40219.1
Project("{9A19103F-16F7-4668-BE54-9A1E7A4F7556}") = "ModLibsContext", "ModLibsContext\ModLibsContext.csproj", "{ABDE5ECB-655B-44E9-9F08-D2557B94A8D9}"
EndProject
Global
	GlobalSection(SolutionConfigurationPlatforms) = preSolution
		Debug|Any CPU = Debug|Any CPU
		Release|Any CPU = Release|Any CPU
	EndGlobalSection
	GlobalSection(ProjectConfigurationPlatforms) = postSolution
		{ABDE5ECB-655B-44E9-9F08-D2557B94A8D9}.Debug|Any CPU.ActiveCfg = Debug|Any CPU
		{ABDE5ECB-655B-44E9-9F08-D2557B94A8D9}.Debug|Any CPU.Build.0 = Debug|Any CPU
		{ABDE5ECB-655B-44E9-9F08-D2557B94A8D9}.Release|Any CPU.ActiveCfg = Release|Any CPU
		{ABDE5ECB-655B-44E9-9F08-D2557B94A8D9}.Release|Any CPU.Build.0 = Release|Any CPU
	EndGlobalSection
	GlobalSection(SolutionProperties) = preSolution
		HideSolutionNode = FALSE
	EndGlobalSection
	GlobalSection(ExtensibilityGlobals) = postSolution
		SolutionGuid = {DD67290B-0C00-477B-A8B0-976962CADD06}
	EndGlobalSection
EndGlobal
